
Microsoft Visual Studio Solution File, Format Version 12.00
# Visual Studio 15
VisualStudioVersion = 15.0.26730.16
MinimumVisualStudioVersion = 10.0.40219.1
Project("{FAE04EC0-301F-11D3-BF4B-00C04F79EFBC}") = "Server", "Server\Server.csproj", "{68A6FF99-A2F5-4FB6-94D9-2B7C2952DE75}"
EndProject
Project("{FAE04EC0-301F-11D3-BF4B-00C04F79EFBC}") = "NetFrame", "NetFrame\NetFrame.csproj", "{49A3E85D-96AA-4801-A357-22451DE2707B}"
EndProject
Project("{FAE04EC0-301F-11D3-BF4B-00C04F79EFBC}") = "GameProtocol", "Protocol\GameProtocol.csproj", "{C4CC9A02-E151-420D-9869-CD14EFA02508}"
EndProject
Global
	GlobalSection(SolutionConfigurationPlatforms) = preSolution
		Debug|Any CPU = Debug|Any CPU
		Release|Any CPU = Release|Any CPU
	EndGlobalSection
	GlobalSection(ProjectConfigurationPlatforms) = postSolution
		{68A6FF99-A2F5-4FB6-94D9-2B7C2952DE75}.Debug|Any CPU.ActiveCfg = Debug|Any CPU
		{68A6FF99-A2F5-4FB6-94D9-2B7C2952DE75}.Debug|Any CPU.Build.0 = Debug|Any CPU
		{68A6FF99-A2F5-4FB6-94D9-2B7C2952DE75}.Release|Any CPU.ActiveCfg = Release|Any CPU
		{68A6FF99-A2F5-4FB6-94D9-2B7C2952DE75}.Release|Any CPU.Build.0 = Release|Any CPU
		{49A3E85D-96AA-4801-A357-22451DE2707B}.Debug|Any CPU.ActiveCfg = Debug|Any CPU
		{49A3E85D-96AA-4801-A357-22451DE2707B}.Debug|Any CPU.Build.0 = Debug|Any CPU
		{49A3E85D-96AA-4801-A357-22451DE2707B}.Release|Any CPU.ActiveCfg = Release|Any CPU
		{49A3E85D-96AA-4801-A357-22451DE2707B}.Release|Any CPU.Build.0 = Release|Any CPU
		{C4CC9A02-E151-420D-9869-CD14EFA02508}.Debug|Any CPU.ActiveCfg = Debug|Any CPU
		{C4CC9A02-E151-420D-9869-CD14EFA02508}.Debug|Any CPU.Build.0 = Debug|Any CPU
		{C4CC9A02-E151-420D-9869-CD14EFA02508}.Release|Any CPU.ActiveCfg = Release|Any CPU
		{C4CC9A02-E151-420D-9869-CD14EFA02508}.Release|Any CPU.Build.0 = Release|Any CPU
	EndGlobalSection
	GlobalSection(SolutionProperties) = preSolution
		HideSolutionNode = FALSE
	EndGlobalSection
	GlobalSection(ExtensibilityGlobals) = postSolution
		SolutionGuid = {2F9B35C0-2DFA-4CD0-945C-AA31EAD60007}
	EndGlobalSection
EndGlobal
